
Microsoft Visual Studio Solution File, Format Version 12.00
# Visual Studio Version 17
VisualStudioVersion = 17.13.35913.81
MinimumVisualStudioVersion = 10.0.40219.1
Project("{FAE04EC0-301F-11D3-BF4B-00C04F79EFBC}") = "ServisOpt", "ServisOpt.csproj", "{6A2DDCE8-5414-4A8B-91FC-FDE88F48A66A}"
EndProject
Global
	GlobalSection(SolutionConfigurationPlatforms) = preSolution
		Debug|Any CPU = Debug|Any CPU
		Release|Any CPU = Release|Any CPU
	EndGlobalSection
	GlobalSection(ProjectConfigurationPlatforms) = postSolution
		{6A2DDCE8-5414-4A8B-91FC-FDE88F48A66A}.Debug|Any CPU.ActiveCfg = Debug|Any CPU
		{6A2DDCE8-5414-4A8B-91FC-FDE88F48A66A}.Debug|Any CPU.Build.0 = Debug|Any CPU
		{6A2DDCE8-5414-4A8B-91FC-FDE88F48A66A}.Release|Any CPU.ActiveCfg = Release|Any CPU
		{6A2DDCE8-5414-4A8B-91FC-FDE88F48A66A}.Release|Any CPU.Build.0 = Release|Any CPU
	EndGlobalSection
	GlobalSection(SolutionProperties) = preSolution
		HideSolutionNode = FALSE
	EndGlobalSection
	GlobalSection(ExtensibilityGlobals) = postSolution
		SolutionGuid = {878C18F4-3E3C-4FD9-A827-D9CE5737AB1A}
	EndGlobalSection
EndGlobal
